
Microsoft Visual Studio Solution File, Format Version 12.00
# Visual Studio Version 17
VisualStudioVersion = 17.4.33103.184
MinimumVisualStudioVersion = 10.0.40219.1
Project("{FAE04EC0-301F-11D3-BF4B-00C04F79EFBC}") = "Disco", "Disco\Disco.csproj", "{046A9A45-4EC1-43DD-8B88-1420E0F79BD8}"
EndProject
Global
	GlobalSection(SolutionConfigurationPlatforms) = preSolution
		Debug|Any CPU = Debug|Any CPU
		Release|Any CPU = Release|Any CPU
	EndGlobalSection
	GlobalSection(ProjectConfigurationPlatforms) = postSolution
		{046A9A45-4EC1-43DD-8B88-1420E0F79BD8}.Debug|Any CPU.ActiveCfg = Debug|Any CPU
		{046A9A45-4EC1-43DD-8B88-1420E0F79BD8}.Debug|Any CPU.Build.0 = Debug|Any CPU
		{046A9A45-4EC1-43DD-8B88-1420E0F79BD8}.Release|Any CPU.ActiveCfg = Release|Any CPU
		{046A9A45-4EC1-43DD-8B88-1420E0F79BD8}.Release|Any CPU.Build.0 = Release|Any CPU
	EndGlobalSection
	GlobalSection(SolutionProperties) = preSolution
		HideSolutionNode = FALSE
	EndGlobalSection
	GlobalSection(ExtensibilityGlobals) = postSolution
		SolutionGuid = {A77186DC-E100-40A8-BED3-BD1AECE228E8}
	EndGlobalSection
EndGlobal
